github.com/go-stack/stack v1.5.3 h1:JxU+OTZ+vcOqLFrCTritv2agi57iNoCkA14tYsEVfNs=
github.com/go-stack/stack v1.5.3/go.mod h1:v0f6uXyyMGvRgIKkXu+yp6POWl0qKG85gN/melR3HDY=
github.com/inconshreveable/log15 v0.0.0-20170216225631-39bacc234bf1 h1:jvYLQGZnpnE0PD1sqE2fvOQoQr68vX+01zgugixzytg=
github.com/inconshreveable/log15 v0.0.0-20170216225631-39bacc234bf1/go.mod h1:cOaXtrgN4ScfRrD9Bre7U1thNq5RtJ8ZoP4iXVGRj6o=
github.com/kelseyhightower/envconfig v1.3.1-0.20170206223400-8bf4bbfc795e h1:jHM1afoxEpTicvnxCeDRYeaK6nmhGN75KPah1fVYrF8=
github.com/kelseyhightower/envconfig v1.3.1-0.20170206223400-8bf4bbfc795e/go.mod h1:cccZRl6mQpaq41TPp5QxidR+Sa3axMbJDNb//FQX6Gg=
github.com/mattn/go-colorable v0.0.8-0.20170327083344-ded68f7a9561 h1:R5/G/qosIodRvxk76maYbRE1PvKfR3QBKicfJ7dpUko=
github.com/mattn/go-colorable v0.0.8-0.20170327083344-ded68f7a9561/go.mod h1:9vuHe8Xs5qXnSaW/c/ABM9alt+Vo+STaOChaDxuIBZU=
github.com/mattn/go-isatty v0.0.2 h1:F+DnWktyadxnOrohKLNUC9/GjFii5RJgY4GFG6ilggw=
github.com/mattn/go-isatty v0.0.2/go.mod h1:M+lRXTBqGeGNdLjl/ufCoiOlB5xdOkqRJdNxMWT7Zi4=
golang.org/x/sys v0.0.0-20170529185110-b90f89a1e7a9 h1:wFe/9vW2TmDagagfMeC56pEcmhyMWEqvuwE9CDAePNo=
golang.org/x/sys v0.0.0-20170529185110-b90f89a1e7a9/go.mod h1:STP8DvDyc/dI5b8T5hshtkjS+E42TnysNCUPdjciGhY=
